// !$*UTF8*$!
{
	archiveVersion = 1;
	classes = {
	};
	objectVersion = 48;
	objects = {

/* Begin PBXBuildFile section */
		301CF0A42063E68D00E98404 /* AppDelegate.swift in Sources */ = {isa = PBXBuildFile; fileRef = 301CF0A32063E68D00E98404 /* AppDelegate.swift */; };
		301CF0A62063E68D00E98404 /* ViewController.swift in Sources */ = {isa = PBXBuildFile; fileRef = 301CF0A52063E68D00E98404 /* ViewController.swift */; };
		301CF0A82063E68D00E98404 /* Assets.xcassets in Resources */ = {isa = PBXBuildFile; fileRef = 301CF0A72063E68D00E98404 /* Assets.xcassets */; };
		301CF0AB2063E68D00E98404 /* Main.storyboard in Resources */ = {isa = PBXBuildFile; fileRef = 301CF0A92063E68D00E98404 /* Main.storyboard */; };
		301CF0B72063E68D00E98404 /* ImageAnalyserAppTests.swift in Sources */ = {isa = PBXBuildFile; fileRef = 301CF0B62063E68D00E98404 /* ImageAnalyserAppTests.swift */; };
		301CF0CC2063E7C400E98404 /* ImageAnalyser.framework in Frameworks */ = {isa = PBXBuildFile; fileRef = 301CF0CB2063E7C400E98404 /* ImageAnalyser.framework */; };
		301CF0CD2063E7C400E98404 /* ImageAnalyser.framework in Embed Frameworks */ = {isa = PBXBuildFile; fileRef = 301CF0CB2063E7C400E98404 /* ImageAnalyser.framework */; settings = {ATTRIBUTES = (CodeSignOnCopy, RemoveHeadersOnCopy, ); }; };
/* End PBXBuildFile section */

/* Begin PBXContainerItemProxy section */
		301CF0B32063E68D00E98404 /* PBXContainerItemProxy */ = {
			isa = PBXContainerItemProxy;
			containerPortal = 301CF0982063E68D00E98404 /* Project object */;
			proxyType = 1;
			remoteGlobalIDString = 301CF09F2063E68D00E98404;
			remoteInfo = ImageAnalyserApp;
		};
/* End PBXContainerItemProxy section */

/* Begin PBXCopyFilesBuildPhase section */
		301CF0CE2063E7C400E98404 /* Embed Frameworks */ = {
			isa = PBXCopyFilesBuildPhase;
			buildActionMask = 2147483647;
			dstPath = "";
			dstSubfolderSpec = 10;
			files = (
				301CF0CD2063E7C400E98404 /* ImageAnalyser.framework in Embed Frameworks */,
			);
			name = "Embed Frameworks";
			runOnlyForDeploymentPostprocessing = 0;
		};
/* End PBXCopyFilesBuildPhase section */

/* Begin PBXFileReference section */
		301CF0A02063E68D00E98404 /* ImageAnalyserApp.app */ = {isa = PBXFileReference; explicitFileType = wrapper.application; includeInIndex = 0; path = ImageAnalyserApp.app; sourceTree = BUILT_PRODUCTS_DIR; };
		301CF0A32063E68D00E98404 /* AppDelegate.swift */ = {isa = PBXFileReference; lastKnownFileType = sourcecode.swift; path = AppDelegate.swift; sourceTree = "<group>"; };
		301CF0A52063E68D00E98404 /* ViewController.swift */ = {isa = PBXFileReference; lastKnownFileType = sourcecode.swift; path = ViewController.swift; sourceTree = "<group>"; };
		301CF0A72063E68D00E98404 /* Assets.xcassets */ = {isa = PBXFileReference; lastKnownFileType = folder.assetcatalog; path = Assets.xcassets; sourceTree = "<group>"; };
		301CF0AA2063E68D00E98404 /* Base */ = {isa = PBXFileReference; lastKnownFileType = file.storyboard; name = Base; path = Base.lproj/Main.storyboard; sourceTree = "<group>"; };
		301CF0AC2063E68D00E98404 /* Info.plist */ = {isa = PBXFileReference; lastKnownFileType = text.plist.xml; path = Info.plist; sourceTree = "<group>"; };
		301CF0AD2063E68D00E98404 /* ImageAnalyserApp.entitlements */ = {isa = PBXFileReference; lastKnownFileType = text.plist.entitlements; path = ImageAnalyserApp.entitlements; sourceTree = "<group>"; };
		301CF0B22063E68D00E98404 /* ImageAnalyserAppTests.xctest */ = {isa = PBXFileReference; explicitFileType = wrapper.cfbundle; includeInIndex = 0; path = ImageAnalyserAppTests.xctest; sourceTree = BUILT_PRODUCTS_DIR; };
		301CF0B62063E68D00E98404 /* ImageAnalyserAppTests.swift */ = {isa = PBXFileReference; lastKnownFileType = sourcecode.swift; path = ImageAnalyserAppTests.swift; sourceTree = "<group>"; };
		301CF0B82063E68D00E98404 /* Info.plist */ = {isa = PBXFileReference; lastKnownFileType = text.plist.xml; path = Info.plist; sourceTree = "<group>"; };
		301CF0CB2063E7C400E98404 /* ImageAnalyser.framework */ = {isa = PBXFileReference; explicitFileType = wrapper.framework; path = ImageAnalyser.framework; sourceTree = BUILT_PRODUCTS_DIR; };
/* End PBXFileReference section */

/* Begin PBXFrameworksBuildPhase section */
		301CF09D2063E68D00E98404 /* Frameworks */ = {
			isa = PBXFrameworksBuildPhase;
			buildActionMask = 2147483647;
			files = (
				301CF0CC2063E7C400E98404 /* ImageAnalyser.framework in Frameworks */,
			);
			runOnlyForDeploymentPostprocessing = 0;
		};
		301CF0AF2063E68D00E98404 /* Frameworks */ = {
			isa = PBXFrameworksBuildPhase;
			buildActionMask = 2147483647;
			files = (
			);
			runOnlyForDeploymentPostprocessing = 0;
		};
/* End PBXFrameworksBuildPhase section */

/* Begin PBXGroup section */
		301CF0972063E68D00E98404 = {
			isa = PBXGroup;
			children = (
				301CF0CB2063E7C400E98404 /* ImageAnalyser.framework */,
				301CF0A22063E68D00E98404 /* ImageAnalyserApp */,
				301CF0B52063E68D00E98404 /* ImageAnalyserAppTests */,
				301CF0A12063E68D00E98404 /* Products */,
			);
			sourceTree = "<group>";
		};
		301CF0A12063E68D00E98404 /* Products */ = {
			isa = PBXGroup;
			children = (
				301CF0A02063E68D00E98404 /* ImageAnalyserApp.app */,
				301CF0B22063E68D00E98404 /* ImageAnalyserAppTests.xctest */,
			);
			name = Products;
			sourceTree = "<group>";
		};
		301CF0A22063E68D00E98404 /* ImageAnalyserApp */ = {
			isa = PBXGroup;
			children = (
				301CF0A32063E68D00E98404 /* AppDelegate.swift */,
				301CF0A52063E68D00E98404 /* ViewController.swift */,
				302AE08E20640B8000F39C9D /* Resources */,
				301CF0A72063E68D00E98404 /* Assets.xcassets */,
				301CF0A92063E68D00E98404 /* Main.storyboard */,
				301CF0AC2063E68D00E98404 /* Info.plist */,
				301CF0AD2063E68D00E98404 /* ImageAnalyserApp.entitlements */,
			);
			path = ImageAnalyserApp;
			sourceTree = "<group>";
		};
		301CF0B52063E68D00E98404 /* ImageAnalyserAppTests */ = {
			isa = PBXGroup;
			children = (
				301CF0B62063E68D00E98404 /* ImageAnalyserAppTests.swift */,
				301CF0B82063E68D00E98404 /* Info.plist */,
			);
			path = ImageAnalyserAppTests;
			sourceTree = "<group>";
		};
		302AE08E20640B8000F39C9D /* Resources */ = {
			isa = PBXGroup;
			children = (
			);
			path = Resources;
			sourceTree = "<group>";
		};
/* End PBXGroup section */

/* Begin PBXNativeTarget section */
		301CF09F2063E68D00E98404 /* ImageAnalyserApp */ = {
			isa = PBXNativeTarget;
			buildConfigurationList = 301CF0BB2063E68D00E98404 /* Build configuration list for PBXNativeTarget "ImageAnalyserApp" */;
			buildPhases = (
				301CF09C2063E68D00E98404 /* Sources */,
				301CF09D2063E68D00E98404 /* Frameworks */,
				301CF09E2063E68D00E98404 /* Resources */,
				301CF0CE2063E7C400E98404 /* Embed Frameworks */,
			);
			buildRules = (
			);
			dependencies = (
			);
			name = ImageAnalyserApp;
			productName = ImageAnalyserApp;
			productReference = 301CF0A02063E68D00E98404 /* ImageAnalyserApp.app */;
			productType = "com.apple.product-type.application";
		};
		301CF0B12063E68D00E98404 /* ImageAnalyserAppTests */ = {
			isa = PBXNativeTarget;
			buildConfigurationList = 301CF0BE2063E68D00E98404 /* Build configuration list for PBXNativeTarget "ImageAnalyserAppTests" */;
			buildPhases = (
				301CF0AE2063E68D00E98404 /* Sources */,
				301CF0AF2063E68D00E98404 /* Frameworks */,
				301CF0B02063E68D00E98404 /* Resources */,
			);
			buildRules = (
			);
			dependencies = (
				301CF0B42063E68D00E98404 /* PBXTargetDependency */,
			);
			name = ImageAnalyserAppTests;
			productName = ImageAnalyserAppTests;
			productReference = 301CF0B22063E68D00E98404 /* ImageAnalyserAppTests.xctest */;
			productType = "com.apple.product-type.bundle.unit-test";
		};
/* End PBXNativeTarget section */

/* Begin PBXProject section */
		301CF0982063E68D00E98404 /* Project object */ = {
			isa = PBXProject;
			attributes = {
				LastSwiftUpdateCheck = 0920;
				LastUpgradeCheck = 0920;
				ORGANIZATIONNAME = BLIQc;
				TargetAttributes = {
					301CF09F2063E68D00E98404 = {
						CreatedOnToolsVersion = 9.2;
						ProvisioningStyle = Automatic;
					};
					301CF0B12063E68D00E98404 = {
						CreatedOnToolsVersion = 9.2;
						ProvisioningStyle = Automatic;
						TestTargetID = 301CF09F2063E68D00E98404;
					};
				};
			};
			buildConfigurationList = 301CF09B2063E68D00E98404 /* Build configuration list for PBXProject "ImageAnalyserApp" */;
			compatibilityVersion = "Xcode 8.0";
			developmentRegion = en;
			hasScannedForEncodings = 0;
			knownRegions = (
				en,
				Base,
			);
			mainGroup = 301CF0972063E68D00E98404;
			productRefGroup = 301CF0A12063E68D00E98404 /* Products */;
			projectDirPath = "";
			projectRoot = "";
			targets = (
				301CF09F2063E68D00E98404 /* ImageAnalyserApp */,
				301CF0B12063E68D00E98404 /* ImageAnalyserAppTests */,
			);
		};
/* End PBXProject section */

/* Begin PBXResourcesBuildPhase section */
		301CF09E2063E68D00E98404 /* Resources */ = {
			isa = PBXResourcesBuildPhase;
			buildActionMask = 2147483647;
			files = (
				301CF0A82063E68D00E98404 /* Assets.xcassets in Resources */,
				301CF0AB2063E68D00E98404 /* Main.storyboard in Resources */,
			);
			runOnlyForDeploymentPostprocessing = 0;
		};
		301CF0B02063E68D00E98404 /* Resources */ = {
			isa = PBXResourcesBuildPhase;
			buildActionMask = 2147483647;
			files = (
			);
			runOnlyForDeploymentPostprocessing = 0;
		};
/* End PBXResourcesBuildPhase section */

/* Begin PBXSourcesBuildPhase section */
		301CF09C2063E68D00E98404 /* Sources */ = {
			isa = PBXSourcesBuildPhase;
			buildActionMask = 2147483647;
			files = (
				301CF0A62063E68D00E98404 /* ViewController.swift in Sources */,
				301CF0A42063E68D00E98404 /* AppDelegate.swift in Sources */,
			);
			runOnlyForDeploymentPostprocessing = 0;
		};
		301CF0AE2063E68D00E98404 /* Sources */ = {
			isa = PBXSourcesBuildPhase;
			buildActionMask = 2147483647;
			files = (
				301CF0B72063E68D00E98404 /* ImageAnalyserAppTests.swift in Sources */,
			);
			runOnlyForDeploymentPostprocessing = 0;
		};
/* End PBXSourcesBuildPhase section */

/* Begin PBXTargetDependency section */
		301CF0B42063E68D00E98404 /* PBXTargetDependency */ = {
			isa = PBXTargetDependency;
			target = 301CF09F2063E68D00E98404 /* ImageAnalyserApp */;
			targetProxy = 301CF0B32063E68D00E98404 /* PBXContainerItemProxy */;
		};
/* End PBXTargetDependency section */

/* Begin PBXVariantGroup section */
		301CF0A92063E68D00E98404 /* Main.storyboard */ = {
			isa = PBXVariantGroup;
			children = (
				301CF0AA2063E68D00E98404 /* Base */,
			);
			name = Main.storyboard;
			sourceTree = "<group>";
		};
/* End PBXVariantGroup section */

/* Begin XCBuildConfiguration section */
		301CF0B92063E68D00E98404 /* Debug */ = {
			isa = XCBuildConfiguration;
			buildSettings = {
				ALWAYS_SEARCH_USER_PATHS = NO;
				CLANG_ANALYZER_NONNULL = YES;
				CLANG_ANALYZER_NUMBER_OBJECT_CONVERSION = YES_AGGRESSIVE;
				CLANG_CXX_LANGUAGE_STANDARD = "gnu++14";
				CLANG_CXX_LIBRARY = "libc++";
				CLANG_ENABLE_MODULES = YES;
				CLANG_ENABLE_OBJC_ARC = YES;
				CLANG_WARN_BLOCK_CAPTURE_AUTORELEASING = YES;
				CLANG_WARN_BOOL_CONVERSION = YES;
				CLANG_WARN_COMMA = YES;
				CLANG_WARN_CONSTANT_CONVERSION = YES;
				CLANG_WARN_DIRECT_OBJC_ISA_USAGE = YES_ERROR;
				CLANG_WARN_DOCUMENTATION_COMMENTS = YES;
				CLANG_WARN_EMPTY_BODY = YES;
				CLANG_WARN_ENUM_CONVERSION = YES;
				CLANG_WARN_INFINITE_RECURSION = YES;
				CLANG_WARN_INT_CONVERSION = YES;
				CLANG_WARN_NON_LITERAL_NULL_CONVERSION = YES;
				CLANG_WARN_OBJC_LITERAL_CONVERSION = YES;
				CLANG_WARN_OBJC_ROOT_CLASS = YES_ERROR;
				CLANG_WARN_RANGE_LOOP_ANALYSIS = YES;
				CLANG_WARN_STRICT_PROTOTYPES = YES;
				CLANG_WARN_SUSPICIOUS_MOVE = YES;
				CLANG_WARN_UNGUARDED_AVAILABILITY = YES_AGGRESSIVE;
				CLANG_WARN_UNREACHABLE_CODE = YES;
				CLANG_WARN__DUPLICATE_METHOD_MATCH = YES;
				CODE_SIGN_IDENTITY = "Mac Developer";
				COPY_PHASE_STRIP = NO;
				DEBUG_INFORMATION_FORMAT = dwarf;
				ENABLE_STRICT_OBJC_MSGSEND = YES;
				ENABLE_TESTABILITY = YES;
				GCC_C_LANGUAGE_STANDARD = gnu11;
				GCC_DYNAMIC_NO_PIC = NO;
				GCC_NO_COMMON_BLOCKS = YES;
				GCC_OPTIMIZATION_LEVEL = 0;
				GCC_PREPROCESSOR_DEFINITIONS = (
					"DEBUG=1",
					"$(inherited)",
				);
				GCC_WARN_64_TO_32_BIT_CONVERSION = YES;
				GCC_WARN_ABOUT_RETURN_TYPE = YES_ERROR;
				GCC_WARN_UNDECLARED_SELECTOR = YES;
				GCC_WARN_UNINITIALIZED_AUTOS = YES_AGGRESSIVE;
				GCC_WARN_UNUSED_FUNCTION = YES;
				GCC_WARN_UNUSED_VARIABLE = YES;
				MACOSX_DEPLOYMENT_TARGET = 10.13;
				MTL_ENABLE_DEBUG_INFO = YES;
				ONLY_ACTIVE_ARCH = YES;
				SDKROOT = macosx;
				SWIFT_ACTIVE_COMPILATION_CONDITIONS = DEBUG;
				SWIFT_OPTIMIZATION_LEVEL = "-Onone";
			};
			name = Debug;
		};
		301CF0BA2063E68D00E98404 /* Release */ = {
			isa = XCBuildConfiguration;
			buildSettings = {
				ALWAYS_SEARCH_USER_PATHS = NO;
				CLANG_ANALYZER_NONNULL = YES;
				CLANG_ANALYZER_NUMBER_OBJECT_CONVERSION = YES_AGGRESSIVE;
				CLANG_CXX_LANGUAGE_STANDARD = "gnu++14";
				CLANG_CXX_LIBRARY = "libc++";
				CLANG_ENABLE_MODULES = YES;
				CLANG_ENABLE_OBJC_ARC = YES;
				CLANG_WARN_BLOCK_CAPTURE_AUTORELEASING = YES;
				CLANG_WARN_BOOL_CONVERSION = YES;
				CLANG_WARN_COMMA = YES;
				CLANG_WARN_CONSTANT_CONVERSION = YES;
				CLANG_WARN_DIRECT_OBJC_ISA_USAGE = YES_ERROR;
				CLANG_WARN_DOCUMENTATION_COMMENTS = YES;
				CLANG_WARN_EMPTY_BODY = YES;
				CLANG_WARN_ENUM_CONVERSION = YES;
				CLANG_WARN_INFINITE_RECURSION = YES;
				CLANG_WARN_INT_CONVERSION = YES;
				CLANG_WARN_NON_LITERAL_NULL_CONVERSION = YES;
				CLANG_WARN_OBJC_LITERAL_CONVERSION = YES;
				CLANG_WARN_OBJC_ROOT_CLASS = YES_ERROR;
				CLANG_WARN_RANGE_LOOP_ANALYSIS = YES;
				CLANG_WARN_STRICT_PROTOTYPES = YES;
				CLANG_WARN_SUSPICIOUS_MOVE = YES;
				CLANG_WARN_UNGUARDED_AVAILABILITY = YES_AGGRESSIVE;
				CLANG_WARN_UNREACHABLE_CODE = YES;
				CLANG_WARN__DUPLICATE_METHOD_MATCH = YES;
				CODE_SIGN_IDENTITY = "Mac Developer";
				COPY_PHASE_STRIP = NO;
				DEBUG_INFORMATION_FORMAT = "dwarf-with-dsym";
				ENABLE_NS_ASSERTIONS = NO;
				ENABLE_STRICT_OBJC_MSGSEND = YES;
				GCC_C_LANGUAGE_STANDARD = gnu11;
				GCC_NO_COMMON_BLOCKS = YES;
				GCC_WARN_64_TO_32_BIT_CONVERSION = YES;
				GCC_WARN_ABOUT_RETURN_TYPE = YES_ERROR;
				GCC_WARN_UNDECLARED_SELECTOR = YES;
				GCC_WARN_UNINITIALIZED_AUTOS = YES_AGGRESSIVE;
				GCC_WARN_UNUSED_FUNCTION = YES;
				GCC_WARN_UNUSED_VARIABLE = YES;
				MACOSX_DEPLOYMENT_TARGET = 10.13;
				MTL_ENABLE_DEBUG_INFO = NO;
				SDKROOT = macosx;
				SWIFT_OPTIMIZATION_LEVEL = "-Owholemodule";
			};
			name = Release;
		};
		301CF0BC2063E68D00E98404 /* Debug */ = {
			isa = XCBuildConfiguration;
			buildSettings = {
				ASSETCATALOG_COMPILER_APPICON_NAME = AppIcon;
				CODE_SIGN_ENTITLEMENTS = ImageAnalyserApp/ImageAnalyserApp.entitlements;
				CODE_SIGN_STYLE = Automatic;
				COMBINE_HIDPI_IMAGES = YES;
				DEVELOPMENT_TEAM = 776ZH6DZ4V;
				INFOPLIST_FILE = ImageAnalyserApp/Info.plist;
				LD_RUNPATH_SEARCH_PATHS = "$(inherited) @executable_path/../Frameworks";
				PRODUCT_BUNDLE_IDENTIFIER = bliqc.ImageAnalyserApp;
				PRODUCT_NAME = "$(TARGET_NAME)";
				SWIFT_VERSION = 4.0;
			};
			name = Debug;
		};
		301CF0BD2063E68D00E98404 /* Release */ = {
			isa = XCBuildConfiguration;
			buildSettings = {
				ASSETCATALOG_COMPILER_APPICON_NAME = AppIcon;
				CODE_SIGN_ENTITLEMENTS = ImageAnalyserApp/ImageAnalyserApp.entitlements;
				CODE_SIGN_STYLE = Automatic;
				COMBINE_HIDPI_IMAGES = YES;
				DEVELOPMENT_TEAM = 776ZH6DZ4V;
				INFOPLIST_FILE = ImageAnalyserApp/Info.plist;
				LD_RUNPATH_SEARCH_PATHS = "$(inherited) @executable_path/../Frameworks";
				PRODUCT_BUNDLE_IDENTIFIER = bliqc.ImageAnalyserApp;
				PRODUCT_NAME = "$(TARGET_NAME)";
				SWIFT_VERSION = 4.0;
			};
			name = Release;
		};
		301CF0BF2063E68D00E98404 /* Debug */ = {
			isa = XCBuildConfiguration;
			buildSettings = {
				ALWAYS_EMBED_SWIFT_STANDARD_LIBRARIES = YES;
				BUNDLE_LOADER = "$(TEST_HOST)";
				CODE_SIGN_STYLE = Automatic;
				COMBINE_HIDPI_IMAGES = YES;
				DEVELOPMENT_TEAM = 776ZH6DZ4V;
				INFOPLIST_FILE = ImageAnalyserAppTests/Info.plist;
				LD_RUNPATH_SEARCH_PATHS = "$(inherited) @executable_path/../Frameworks @loader_path/../Frameworks";
				PRODUCT_BUNDLE_IDENTIFIER = bliqc.ImageAnalyserAppTests;
				PRODUCT_NAME = "$(TARGET_NAME)";
				SWIFT_VERSION = 4.0;
				TEST_HOST = "$(BUILT_PRODUCTS_DIR)/ImageAnalyserApp.app/Contents/MacOS/ImageAnalyserApp";
			};
			name = Debug;
		};
		301CF0C02063E68D00E98404 /* Release */ = {
			isa = XCBuildConfiguration;
			buildSettings = {
				ALWAYS_EMBED_SWIFT_STANDARD_LIBRARIES = YES;
				BUNDLE_LOADER = "$(TEST_HOST)";
				CODE_SIGN_STYLE = Automatic;
				COMBINE_HIDPI_IMAGES = YES;
				DEVELOPMENT_TEAM = 776ZH6DZ4V;
				INFOPLIST_FILE = ImageAnalyserAppTests/Info.plist;
				LD_RUNPATH_SEARCH_PATHS = "$(inherited) @executable_path/../Frameworks @loader_path/../Frameworks";
				PRODUCT_BUNDLE_IDENTIFIER = bliqc.ImageAnalyserAppTests;
				PRODUCT_NAME = "$(TARGET_NAME)";
				SWIFT_VERSION = 4.0;
				TEST_HOST = "$(BUILT_PRODUCTS_DIR)/ImageAnalyserApp.app/Contents/MacOS/ImageAnalyserApp";
			};
			name = Release;
		};
/* End XCBuildConfiguration section */

/* Begin XCConfigurationList section */
		301CF09B2063E68D00E98404 /* Build configuration list for PBXProject "ImageAnalyserApp" */ = {
			isa = XCConfigurationList;
			buildConfigurations = (
				301CF0B92063E68D00E98404 /* Debug */,
				301CF0BA2063E68D00E98404 /* Release */,
			);
			defaultConfigurationIsVisible = 0;
			defaultConfigurationName = Release;
		};
		301CF0BB2063E68D00E98404 /* Build configuration list for PBXNativeTarget "ImageAnalyserApp" */ = {
			isa = XCConfigurationList;
			buildConfigurations = (
				301CF0BC2063E68D00E98404 /* Debug */,
				301CF0BD2063E68D00E98404 /* Release */,
			);
			defaultConfigurationIsVisible = 0;
			defaultConfigurationName = Release;
		};
		301CF0BE2063E68D00E98404 /* Build configuration list for PBXNativeTarget "ImageAnalyserAppTests" */ = {
			isa = XCConfigurationList;
			buildConfigurations = (
				301CF0BF2063E68D00E98404 /* Debug */,
				301CF0C02063E68D00E98404 /* Release */,
			);
			defaultConfigurationIsVisible = 0;
			defaultConfigurationName = Release;
		};
/* End XCConfigurationList section */
	};
	rootObject = 301CF0982063E68D00E98404 /* Project object */;
}
